
Microsoft Visual Studio Solution File, Format Version 12.00
# Visual Studio Version 17
VisualStudioVersion = 17.11.35327.3
MinimumVisualStudioVersion = 10.0.40219.1
Project("{2150E333-8FDC-42A3-9474-1A3956D46DE8}") = "src", "src", "{F10231CE-60E3-4B77-BE30-D3070B139A7F}"
EndProject
Project("{2150E333-8FDC-42A3-9474-1A3956D46DE8}") = "apis", "apis", "{0AC01FB4-257B-4D9E-AC66-3C151095AF05}"
EndProject
Project("{FAE04EC0-301F-11D3-BF4B-00C04F79EFBC}") = "Sample.CleanArchitecture.Api", "src\apis\Sample.CleanArchitecture.Api\Sample.CleanArchitecture.Api.csproj", "{BC1062E0-4A1E-4C84-AD08-5F45C1959D88}"
EndProject
Project("{2150E333-8FDC-42A3-9474-1A3956D46DE8}") = "libraries", "libraries", "{47ED887C-2764-4644-8D83-9CBF4B732CC4}"
EndProject
Project("{FAE04EC0-301F-11D3-BF4B-00C04F79EFBC}") = "Sample.CleanArchitecture.Domain", "src\libraries\Sample.CleanArchitecture.Domain\Sample.CleanArchitecture.Domain.csproj", "{ADE7042E-516D-495B-9E40-5B3FF1389205}"
EndProject
Global
	GlobalSection(SolutionConfigurationPlatforms) = preSolution
		Debug|Any CPU = Debug|Any CPU
		Release|Any CPU = Release|Any CPU
	EndGlobalSection
	GlobalSection(ProjectConfigurationPlatforms) = postSolution
		{BC1062E0-4A1E-4C84-AD08-5F45C1959D88}.Debug|Any CPU.ActiveCfg = Debug|Any CPU
		{BC1062E0-4A1E-4C84-AD08-5F45C1959D88}.Debug|Any CPU.Build.0 = Debug|Any CPU
		{BC1062E0-4A1E-4C84-AD08-5F45C1959D88}.Release|Any CPU.ActiveCfg = Release|Any CPU
		{BC1062E0-4A1E-4C84-AD08-5F45C1959D88}.Release|Any CPU.Build.0 = Release|Any CPU
		{ADE7042E-516D-495B-9E40-5B3FF1389205}.Debug|Any CPU.ActiveCfg = Debug|Any CPU
		{ADE7042E-516D-495B-9E40-5B3FF1389205}.Debug|Any CPU.Build.0 = Debug|Any CPU
		{ADE7042E-516D-495B-9E40-5B3FF1389205}.Release|Any CPU.ActiveCfg = Release|Any CPU
		{ADE7042E-516D-495B-9E40-5B3FF1389205}.Release|Any CPU.Build.0 = Release|Any CPU
	EndGlobalSection
	GlobalSection(SolutionProperties) = preSolution
		HideSolutionNode = FALSE
	EndGlobalSection
	GlobalSection(NestedProjects) = preSolution
		{0AC01FB4-257B-4D9E-AC66-3C151095AF05} = {F10231CE-60E3-4B77-BE30-D3070B139A7F}
		{BC1062E0-4A1E-4C84-AD08-5F45C1959D88} = {0AC01FB4-257B-4D9E-AC66-3C151095AF05}
		{47ED887C-2764-4644-8D83-9CBF4B732CC4} = {F10231CE-60E3-4B77-BE30-D3070B139A7F}
		{ADE7042E-516D-495B-9E40-5B3FF1389205} = {47ED887C-2764-4644-8D83-9CBF4B732CC4}
	EndGlobalSection
	GlobalSection(ExtensibilityGlobals) = postSolution
		SolutionGuid = {7F6B3690-52C5-4C09-B99A-F60A5DB5E112}
	EndGlobalSection
EndGlobal
